
Microsoft Visual Studio Solution File, Format Version 12.00
# Visual Studio Version 17
VisualStudioVersion = 17.3.32819.101
MinimumVisualStudioVersion = 10.0.40219.1
Project("{FAE04EC0-301F-11D3-BF4B-00C04F79EFBC}") = "ColdEmailTracker", "ColdEmailTracker.csproj", "{4A847830-2438-4233-88CE-1D3CA91EDA53}"
EndProject
Global
	GlobalSection(SolutionConfigurationPlatforms) = preSolution
		Debug|Any CPU = Debug|Any CPU
		Release|Any CPU = Release|Any CPU
	EndGlobalSection
	GlobalSection(ProjectConfigurationPlatforms) = postSolution
		{4A847830-2438-4233-88CE-1D3CA91EDA53}.Debug|Any CPU.ActiveCfg = Debug|Any CPU
		{4A847830-2438-4233-88CE-1D3CA91EDA53}.Debug|Any CPU.Build.0 = Debug|Any CPU
		{4A847830-2438-4233-88CE-1D3CA91EDA53}.Release|Any CPU.ActiveCfg = Release|Any CPU
		{4A847830-2438-4233-88CE-1D3CA91EDA53}.Release|Any CPU.Build.0 = Release|Any CPU
	EndGlobalSection
	GlobalSection(SolutionProperties) = preSolution
		HideSolutionNode = FALSE
	EndGlobalSection
	GlobalSection(ExtensibilityGlobals) = postSolution
		SolutionGuid = {B6074A5E-591B-4530-9524-E04BA2067C18}
	EndGlobalSection
EndGlobal
